
Microsoft Visual Studio Solution File, Format Version 12.00
# Visual Studio Version 17
VisualStudioVersion = 17.9.34728.123
MinimumVisualStudioVersion = 10.0.40219.1
Project("{FAE04EC0-301F-11D3-BF4B-00C04F79EFBC}") = "TasteMakerMono", "TasteMakerMono.csproj", "{50403BC8-66A9-4171-8E13-2CA6E7565C31}"
EndProject
Global
	GlobalSection(SolutionConfigurationPlatforms) = preSolution
		Debug|Any CPU = Debug|Any CPU
		Release|Any CPU = Release|Any CPU
	EndGlobalSection
	GlobalSection(ProjectConfigurationPlatforms) = postSolution
		{50403BC8-66A9-4171-8E13-2CA6E7565C31}.Debug|Any CPU.ActiveCfg = Debug|Any CPU
		{50403BC8-66A9-4171-8E13-2CA6E7565C31}.Debug|Any CPU.Build.0 = Debug|Any CPU
		{50403BC8-66A9-4171-8E13-2CA6E7565C31}.Release|Any CPU.ActiveCfg = Release|Any CPU
		{50403BC8-66A9-4171-8E13-2CA6E7565C31}.Release|Any CPU.Build.0 = Release|Any CPU
	EndGlobalSection
	GlobalSection(SolutionProperties) = preSolution
		HideSolutionNode = FALSE
	EndGlobalSection
	GlobalSection(ExtensibilityGlobals) = postSolution
		SolutionGuid = {D5A74A65-31D4-4D27-A2CE-931A0D575BEE}
	EndGlobalSection
EndGlobal
